{
  "name": "starowo.github.io",
  "lockfileVersion": 3,
  "requires": true,
  "packages": {
    "": {
      "devDependencies": {
        "abcjs": "^6.4.2",
        "jquery": "^3.7.1"
      }
    },
    "node_modules/abcjs": {
      "version": "6.4.2",
      "resolved": "https://registry.npmjs.org/abcjs/-/abcjs-6.4.2.tgz",
      "integrity": "sha512-NuupFWAQ4kZTlFaC5ubunsr95mzIYXau5wafFjAj9bdD5GZhuTeXuXAYYIOrfFxFge/6YxYB96pU7e/rIRjlIw==",
      "dev": true,
      "funding": {
        "type": "github",
        "url": "https://github.com/sponsors/paulrosen"
      }
    },
    "node_modules/jquery": {
      "version": "3.7.1",
      "resolved": "https://registry.npmjs.org/jquery/-/jquery-3.7.1.tgz",
      "integrity": "sha512-m4avr8yL8kmFN8psrbFFFmB/If14iN5o9nw/NgnnM+kybDJpRsAynV2BsfpTYrTRysYUdADVD7CkUUizgkpLfg==",
      "dev": true
    }
  }
}
